// !$*UTF8*$!
{
	archiveVersion = 1;
	classes = {
	};
	objectVersion = 48;
	objects = {

/* Begin PBXBuildFile section */
		B39742EB1FF6D7E100A898CA /* AppDelegate.swift in Sources */ = {isa = PBXBuildFile; fileRef = B39742EA1FF6D7E100A898CA /* AppDelegate.swift */; };
		B39742ED1FF6D7E100A898CA /* TodoListViewController.swift in Sources */ = {isa = PBXBuildFile; fileRef = B39742EC1FF6D7E100A898CA /* TodoListViewController.swift */; };
		B39742F01FF6D7E100A898CA /* Main.storyboard in Resources */ = {isa = PBXBuildFile; fileRef = B39742EE1FF6D7E100A898CA /* Main.storyboard */; };
		B39742F21FF6D7E100A898CA /* Assets.xcassets in Resources */ = {isa = PBXBuildFile; fileRef = B39742F11FF6D7E100A898CA /* Assets.xcassets */; };
		B39742F51FF6D7E100A898CA /* LaunchScreen.storyboard in Resources */ = {isa = PBXBuildFile; fileRef = B39742F31FF6D7E100A898CA /* LaunchScreen.storyboard */; };
		B39880E4201BF36300EBB53C /* Item.swift in Sources */ = {isa = PBXBuildFile; fileRef = B39880E3201BF36300EBB53C /* Item.swift */; };
/* End PBXBuildFile section */

/* Begin PBXFileReference section */
		B39742E71FF6D7E100A898CA /* Todoey.app */ = {isa = PBXFileReference; explicitFileType = wrapper.application; includeInIndex = 0; path = Todoey.app; sourceTree = BUILT_PRODUCTS_DIR; };
		B39742EA1FF6D7E100A898CA /* AppDelegate.swift */ = {isa = PBXFileReference; lastKnownFileType = sourcecode.swift; path = AppDelegate.swift; sourceTree = "<group>"; };
		B39742EC1FF6D7E100A898CA /* TodoListViewController.swift */ = {isa = PBXFileReference; lastKnownFileType = sourcecode.swift; path = TodoListViewController.swift; sourceTree = "<group>"; };
		B39742EF1FF6D7E100A898CA /* Base */ = {isa = PBXFileReference; lastKnownFileType = file.storyboard; name = Base; path = Base.lproj/Main.storyboard; sourceTree = "<group>"; };
		B39742F11FF6D7E100A898CA /* Assets.xcassets */ = {isa = PBXFileReference; lastKnownFileType = folder.assetcatalog; path = Assets.xcassets; sourceTree = "<group>"; };
		B39742F41FF6D7E100A898CA /* Base */ = {isa = PBXFileReference; lastKnownFileType = file.storyboard; name = Base; path = Base.lproj/LaunchScreen.storyboard; sourceTree = "<group>"; };
		B39742F61FF6D7E100A898CA /* Info.plist */ = {isa = PBXFileReference; lastKnownFileType = text.plist.xml; path = Info.plist; sourceTree = "<group>"; };
		B39880E3201BF36300EBB53C /* Item.swift */ = {isa = PBXFileReference; lastKnownFileType = sourcecode.swift; path = Item.swift; sourceTree = "<group>"; };
/* End PBXFileReference section */

/* Begin PBXFrameworksBuildPhase section */
		B39742E41FF6D7E100A898CA /* Frameworks */ = {
			isa = PBXFrameworksBuildPhase;
			buildActionMask = 2147483647;
			files = (
			);
			runOnlyForDeploymentPostprocessing = 0;
		};
/* End PBXFrameworksBuildPhase section */

/* Begin PBXGroup section */
		B39742DE1FF6D7E100A898CA = {
			isa = PBXGroup;
			children = (
				B39742E91FF6D7E100A898CA /* Todoey */,
				B39742E81FF6D7E100A898CA /* Products */,
			);
			sourceTree = "<group>";
		};
		B39742E81FF6D7E100A898CA /* Products */ = {
			isa = PBXGroup;
			children = (
				B39742E71FF6D7E100A898CA /* Todoey.app */,
			);
			name = Products;
			sourceTree = "<group>";
		};
		B39742E91FF6D7E100A898CA /* Todoey */ = {
			isa = PBXGroup;
			children = (
				B39742EA1FF6D7E100A898CA /* AppDelegate.swift */,
				B39880E5201BF38100EBB53C /* Data Model */,
				B39880E6201BF3B500EBB53C /* Controllers */,
				B39880E7201BF3CB00EBB53C /* Views */,
				B39880E8201BF3F800EBB53C /* Supporting Files */,
				B39742F61FF6D7E100A898CA /* Info.plist */,
			);
			path = Todoey;
			sourceTree = "<group>";
		};
		B39880E5201BF38100EBB53C /* Data Model */ = {
			isa = PBXGroup;
			children = (
				B39880E3201BF36300EBB53C /* Item.swift */,
			);
			path = "Data Model";
			sourceTree = "<group>";
		};
		B39880E6201BF3B500EBB53C /* Controllers */ = {
			isa = PBXGroup;
			children = (
				B39742EC1FF6D7E100A898CA /* TodoListViewController.swift */,
			);
			path = Controllers;
			sourceTree = "<group>";
		};
		B39880E7201BF3CB00EBB53C /* Views */ = {
			isa = PBXGroup;
			children = (
				B39742EE1FF6D7E100A898CA /* Main.storyboard */,
			);
			path = Views;
			sourceTree = "<group>";
		};
		B39880E8201BF3F800EBB53C /* Supporting Files */ = {
			isa = PBXGroup;
			children = (
				B39742F11FF6D7E100A898CA /* Assets.xcassets */,
				B39742F31FF6D7E100A898CA /* LaunchScreen.storyboard */,
			);
			path = "Supporting Files";
			sourceTree = "<group>";
		};
/* End PBXGroup section */

/* Begin PBXNativeTarget section */
		B39742E61FF6D7E100A898CA /* Todoey */ = {
			isa = PBXNativeTarget;
			buildConfigurationList = B39742F91FF6D7E100A898CA /* Build configuration list for PBXNativeTarget "Todoey" */;
			buildPhases = (
				B39742E31FF6D7E100A898CA /* Sources */,
				B39742E41FF6D7E100A898CA /* Frameworks */,
				B39742E51FF6D7E100A898CA /* Resources */,
			);
			buildRules = (
			);
			dependencies = (
			);
			name = Todoey;
			productName = Todoey;
			productReference = B39742E71FF6D7E100A898CA /* Todoey.app */;
			productType = "com.apple.product-type.application";
		};
/* End PBXNativeTarget section */

/* Begin PBXProject section */
		B39742DF1FF6D7E100A898CA /* Project object */ = {
			isa = PBXProject;
			attributes = {
				LastSwiftUpdateCheck = 0920;
				LastUpgradeCheck = 0920;
				ORGANIZATIONNAME = "NAIM YOUSSIF TRAORE";
				TargetAttributes = {
					B39742E61FF6D7E100A898CA = {
						CreatedOnToolsVersion = 9.2;
						ProvisioningStyle = Automatic;
					};
				};
			};
			buildConfigurationList = B39742E21FF6D7E100A898CA /* Build configuration list for PBXProject "Todoey" */;
			compatibilityVersion = "Xcode 8.0";
			developmentRegion = en;
			hasScannedForEncodings = 0;
			knownRegions = (
				en,
				Base,
			);
			mainGroup = B39742DE1FF6D7E100A898CA;
			productRefGroup = B39742E81FF6D7E100A898CA /* Products */;
			projectDirPath = "";
			projectRoot = "";
			targets = (
				B39742E61FF6D7E100A898CA /* Todoey */,
			);
		};
/* End PBXProject section */

/* Begin PBXResourcesBuildPhase section */
		B39742E51FF6D7E100A898CA /* Resources */ = {
			isa = PBXResourcesBuildPhase;
			buildActionMask = 2147483647;
			files = (
				B39742F51FF6D7E100A898CA /* LaunchScreen.storyboard in Resources */,
				B39742F21FF6D7E100A898CA /* Assets.xcassets in Resources */,
				B39742F01FF6D7E100A898CA /* Main.storyboard in Resources */,
			);
			runOnlyForDeploymentPostprocessing = 0;
		};
/* End PBXResourcesBuildPhase section */

/* Begin PBXSourcesBuildPhase section */
		B39742E31FF6D7E100A898CA /* Sources */ = {
			isa = PBXSourcesBuildPhase;
			buildActionMask = 2147483647;
			files = (
				B39742ED1FF6D7E100A898CA /* TodoListViewController.swift in Sources */,
				B39880E4201BF36300EBB53C /* Item.swift in Sources */,
				B39742EB1FF6D7E100A898CA /* AppDelegate.swift in Sources */,
			);
			runOnlyForDeploymentPostprocessing = 0;
		};
/* End PBXSourcesBuildPhase section */

/* Begin PBXVariantGroup section */
		B39742EE1FF6D7E100A898CA /* Main.storyboard */ = {
			isa = PBXVariantGroup;
			children = (
				B39742EF1FF6D7E100A898CA /* Base */,
			);
			name = Main.storyboard;
			sourceTree = "<group>";
		};
		B39742F31FF6D7E100A898CA /* LaunchScreen.storyboard */ = {
			isa = PBXVariantGroup;
			children = (
				B39742F41FF6D7E100A898CA /* Base */,
			);
			name = LaunchScreen.storyboard;
			sourceTree = "<group>";
		};
/* End PBXVariantGroup section */

/* Begin XCBuildConfiguration section */
		B39742F71FF6D7E100A898CA /* Debug */ = {
			isa = XCBuildConfiguration;
			buildSettings = {
				ALWAYS_SEARCH_USER_PATHS = NO;
				CLANG_ANALYZER_NONNULL = YES;
				CLANG_ANALYZER_NUMBER_OBJECT_CONVERSION = YES_AGGRESSIVE;
				CLANG_CXX_LANGUAGE_STANDARD = "gnu++14";
				CLANG_CXX_LIBRARY = "libc++";
				CLANG_ENABLE_MODULES = YES;
				CLANG_ENABLE_OBJC_ARC = YES;
				CLANG_WARN_BLOCK_CAPTURE_AUTORELEASING = YES;
				CLANG_WARN_BOOL_CONVERSION = YES;
				CLANG_WARN_COMMA = YES;
				CLANG_WARN_CONSTANT_CONVERSION = YES;
				CLANG_WARN_DIRECT_OBJC_ISA_USAGE = YES_ERROR;
				CLANG_WARN_DOCUMENTATION_COMMENTS = YES;
				CLANG_WARN_EMPTY_BODY = YES;
				CLANG_WARN_ENUM_CONVERSION = YES;
				CLANG_WARN_INFINITE_RECURSION = YES;
				CLANG_WARN_INT_CONVERSION = YES;
				CLANG_WARN_NON_LITERAL_NULL_CONVERSION = YES;
				CLANG_WARN_OBJC_LITERAL_CONVERSION = YES;
				CLANG_WARN_OBJC_ROOT_CLASS = YES_ERROR;
				CLANG_WARN_RANGE_LOOP_ANALYSIS = YES;
				CLANG_WARN_STRICT_PROTOTYPES = YES;
				CLANG_WARN_SUSPICIOUS_MOVE = YES;
				CLANG_WARN_UNGUARDED_AVAILABILITY = YES_AGGRESSIVE;
				CLANG_WARN_UNREACHABLE_CODE = YES;
				CLANG_WARN__DUPLICATE_METHOD_MATCH = YES;
				CODE_SIGN_IDENTITY = "iPhone Developer";
				COPY_PHASE_STRIP = NO;
				DEBUG_INFORMATION_FORMAT = dwarf;
				ENABLE_STRICT_OBJC_MSGSEND = YES;
				ENABLE_TESTABILITY = YES;
				GCC_C_LANGUAGE_STANDARD = gnu11;
				GCC_DYNAMIC_NO_PIC = NO;
				GCC_NO_COMMON_BLOCKS = YES;
				GCC_OPTIMIZATION_LEVEL = 0;
				GCC_PREPROCESSOR_DEFINITIONS = (
					"DEBUG=1",
					"$(inherited)",
				);
				GCC_WARN_64_TO_32_BIT_CONVERSION = YES;
				GCC_WARN_ABOUT_RETURN_TYPE = YES_ERROR;
				GCC_WARN_UNDECLARED_SELECTOR = YES;
				GCC_WARN_UNINITIALIZED_AUTOS = YES_AGGRESSIVE;
				GCC_WARN_UNUSED_FUNCTION = YES;
				GCC_WARN_UNUSED_VARIABLE = YES;
				IPHONEOS_DEPLOYMENT_TARGET = 11.2;
				MTL_ENABLE_DEBUG_INFO = YES;
				ONLY_ACTIVE_ARCH = YES;
				SDKROOT = iphoneos;
				SWIFT_ACTIVE_COMPILATION_CONDITIONS = DEBUG;
				SWIFT_OPTIMIZATION_LEVEL = "-Onone";
			};
			name = Debug;
		};
		B39742F81FF6D7E100A898CA /* Release */ = {
			isa = XCBuildConfiguration;
			buildSettings = {
				ALWAYS_SEARCH_USER_PATHS = NO;
				CLANG_ANALYZER_NONNULL = YES;
				CLANG_ANALYZER_NUMBER_OBJECT_CONVERSION = YES_AGGRESSIVE;
				CLANG_CXX_LANGUAGE_STANDARD = "gnu++14";
				CLANG_CXX_LIBRARY = "libc++";
				CLANG_ENABLE_MODULES = YES;
				CLANG_ENABLE_OBJC_ARC = YES;
				CLANG_WARN_BLOCK_CAPTURE_AUTORELEASING = YES;
				CLANG_WARN_BOOL_CONVERSION = YES;
				CLANG_WARN_COMMA = YES;
				CLANG_WARN_CONSTANT_CONVERSION = YES;
				CLANG_WARN_DIRECT_OBJC_ISA_USAGE = YES_ERROR;
				CLANG_WARN_DOCUMENTATION_COMMENTS = YES;
				CLANG_WARN_EMPTY_BODY = YES;
				CLANG_WARN_ENUM_CONVERSION = YES;
				CLANG_WARN_INFINITE_RECURSION = YES;
				CLANG_WARN_INT_CONVERSION = YES;
				CLANG_WARN_NON_LITERAL_NULL_CONVERSION = YES;
				CLANG_WARN_OBJC_LITERAL_CONVERSION = YES;
				CLANG_WARN_OBJC_ROOT_CLASS = YES_ERROR;
				CLANG_WARN_RANGE_LOOP_ANALYSIS = YES;
				CLANG_WARN_STRICT_PROTOTYPES = YES;
				CLANG_WARN_SUSPICIOUS_MOVE = YES;
				CLANG_WARN_UNGUARDED_AVAILABILITY = YES_AGGRESSIVE;
				CLANG_WARN_UNREACHABLE_CODE = YES;
				CLANG_WARN__DUPLICATE_METHOD_MATCH = YES;
				CODE_SIGN_IDENTITY = "iPhone Developer";
				COPY_PHASE_STRIP = NO;
				DEBUG_INFORMATION_FORMAT = "dwarf-with-dsym";
				ENABLE_NS_ASSERTIONS = NO;
				ENABLE_STRICT_OBJC_MSGSEND = YES;
				GCC_C_LANGUAGE_STANDARD = gnu11;
				GCC_NO_COMMON_BLOCKS = YES;
				GCC_WARN_64_TO_32_BIT_CONVERSION = YES;
				GCC_WARN_ABOUT_RETURN_TYPE = YES_ERROR;
				GCC_WARN_UNDECLARED_SELECTOR = YES;
				GCC_WARN_UNINITIALIZED_AUTOS = YES_AGGRESSIVE;
				GCC_WARN_UNUSED_FUNCTION = YES;
				GCC_WARN_UNUSED_VARIABLE = YES;
				IPHONEOS_DEPLOYMENT_TARGET = 11.2;
				MTL_ENABLE_DEBUG_INFO = NO;
				SDKROOT = iphoneos;
				SWIFT_OPTIMIZATION_LEVEL = "-Owholemodule";
				VALIDATE_PRODUCT = YES;
			};
			name = Release;
		};
		B39742FA1FF6D7E100A898CA /* Debug */ = {
			isa = XCBuildConfiguration;
			buildSettings = {
				ASSETCATALOG_COMPILER_APPICON_NAME = AppIcon;
				CODE_SIGN_STYLE = Automatic;
				DEVELOPMENT_TEAM = C9DFP2HU5A;
				INFOPLIST_FILE = Todoey/Info.plist;
				LD_RUNPATH_SEARCH_PATHS = "$(inherited) @executable_path/Frameworks";
				PRODUCT_BUNDLE_IDENTIFIER = com.naimyoussiftraore.Todoey;
				PRODUCT_NAME = "$(TARGET_NAME)";
				SWIFT_VERSION = 4.0;
				TARGETED_DEVICE_FAMILY = "1,2";
			};
			name = Debug;
		};
		B39742FB1FF6D7E100A898CA /* Release */ = {
			isa = XCBuildConfiguration;
			buildSettings = {
				ASSETCATALOG_COMPILER_APPICON_NAME = AppIcon;
				CODE_SIGN_STYLE = Automatic;
				DEVELOPMENT_TEAM = C9DFP2HU5A;
				INFOPLIST_FILE = Todoey/Info.plist;
				LD_RUNPATH_SEARCH_PATHS = "$(inherited) @executable_path/Frameworks";
				PRODUCT_BUNDLE_IDENTIFIER = com.naimyoussiftraore.Todoey;
				PRODUCT_NAME = "$(TARGET_NAME)";
				SWIFT_VERSION = 4.0;
				TARGETED_DEVICE_FAMILY = "1,2";
			};
			name = Release;
		};
/* End XCBuildConfiguration section */

/* Begin XCConfigurationList section */
		B39742E21FF6D7E100A898CA /* Build configuration list for PBXProject "Todoey" */ = {
			isa = XCConfigurationList;
			buildConfigurations = (
				B39742F71FF6D7E100A898CA /* Debug */,
				B39742F81FF6D7E100A898CA /* Release */,
			);
			defaultConfigurationIsVisible = 0;
			defaultConfigurationName = Release;
		};
		B39742F91FF6D7E100A898CA /* Build configuration list for PBXNativeTarget "Todoey" */ = {
			isa = XCConfigurationList;
			buildConfigurations = (
				B39742FA1FF6D7E100A898CA /* Debug */,
				B39742FB1FF6D7E100A898CA /* Release */,
			);
			defaultConfigurationIsVisible = 0;
			defaultConfigurationName = Release;
		};
/* End XCConfigurationList section */
	};
	rootObject = B39742DF1FF6D7E100A898CA /* Project object */;
}
